// !$*UTF8*$!
{
	archiveVersion = 1;
	classes = {
	};
	objectVersion = 46;
	objects = {

/* Begin PBXBuildFile section */
		C5FB373F1AC72AF60077BF16 /* AppDelegate.swift in Sources */ = {isa = PBXBuildFile; fileRef = C5FB373E1AC72AF60077BF16 /* AppDelegate.swift */; };
		C5FB37411AC72AF60077BF16 /* ViewController.swift in Sources */ = {isa = PBXBuildFile; fileRef = C5FB37401AC72AF60077BF16 /* ViewController.swift */; };
		C5FB37441AC72AF60077BF16 /* Main.storyboard in Resources */ = {isa = PBXBuildFile; fileRef = C5FB37421AC72AF60077BF16 /* Main.storyboard */; };
		C5FB37461AC72AF60077BF16 /* Images.xcassets in Resources */ = {isa = PBXBuildFile; fileRef = C5FB37451AC72AF60077BF16 /* Images.xcassets */; };
		C5FB37491AC72AF60077BF16 /* LaunchScreen.xib in Resources */ = {isa = PBXBuildFile; fileRef = C5FB37471AC72AF60077BF16 /* LaunchScreen.xib */; };
		C5FB37601AC72B590077BF16 /* FOKnobView.swift in Sources */ = {isa = PBXBuildFile; fileRef = C5FB375F1AC72B590077BF16 /* FOKnobView.swift */; };
		C5FB37661AC733440077BF16 /* UIBezierPath+ForEachElement.m in Sources */ = {isa = PBXBuildFile; fileRef = C5FB37651AC733440077BF16 /* UIBezierPath+ForEachElement.m */; };
/* End PBXBuildFile section */

/* Begin PBXFileReference section */
		C5FB37391AC72AF60077BF16 /* Knob.app */ = {isa = PBXFileReference; explicitFileType = wrapper.application; includeInIndex = 0; path = Knob.app; sourceTree = BUILT_PRODUCTS_DIR; };
		C5FB373D1AC72AF60077BF16 /* Info.plist */ = {isa = PBXFileReference; lastKnownFileType = text.plist.xml; path = Info.plist; sourceTree = "<group>"; };
		C5FB373E1AC72AF60077BF16 /* AppDelegate.swift */ = {isa = PBXFileReference; lastKnownFileType = sourcecode.swift; path = AppDelegate.swift; sourceTree = "<group>"; };
		C5FB37401AC72AF60077BF16 /* ViewController.swift */ = {isa = PBXFileReference; lastKnownFileType = sourcecode.swift; path = ViewController.swift; sourceTree = "<group>"; };
		C5FB37431AC72AF60077BF16 /* Base */ = {isa = PBXFileReference; lastKnownFileType = file.storyboard; name = Base; path = Base.lproj/Main.storyboard; sourceTree = "<group>"; };
		C5FB37451AC72AF60077BF16 /* Images.xcassets */ = {isa = PBXFileReference; lastKnownFileType = folder.assetcatalog; path = Images.xcassets; sourceTree = "<group>"; };
		C5FB37481AC72AF60077BF16 /* Base */ = {isa = PBXFileReference; lastKnownFileType = file.xib; name = Base; path = Base.lproj/LaunchScreen.xib; sourceTree = "<group>"; };
		C5FB37531AC72AF60077BF16 /* Info.plist */ = {isa = PBXFileReference; lastKnownFileType = text.plist.xml; path = Info.plist; sourceTree = "<group>"; };
		C5FB37541AC72AF60077BF16 /* KnobTests.swift */ = {isa = PBXFileReference; lastKnownFileType = sourcecode.swift; path = KnobTests.swift; sourceTree = "<group>"; };
		C5FB375F1AC72B590077BF16 /* FOKnobView.swift */ = {isa = PBXFileReference; fileEncoding = 4; lastKnownFileType = sourcecode.swift; path = FOKnobView.swift; sourceTree = "<group>"; };
		C5FB37631AC733440077BF16 /* Knob-Bridging-Header.h */ = {isa = PBXFileReference; lastKnownFileType = sourcecode.c.h; path = "Knob-Bridging-Header.h"; sourceTree = "<group>"; };
		C5FB37641AC733440077BF16 /* UIBezierPath+ForEachElement.h */ = {isa = PBXFileReference; fileEncoding = 4; lastKnownFileType = sourcecode.c.h; path = "UIBezierPath+ForEachElement.h"; sourceTree = "<group>"; };
		C5FB37651AC733440077BF16 /* UIBezierPath+ForEachElement.m */ = {isa = PBXFileReference; fileEncoding = 4; lastKnownFileType = sourcecode.c.objc; path = "UIBezierPath+ForEachElement.m"; sourceTree = "<group>"; };
/* End PBXFileReference section */

/* Begin PBXFrameworksBuildPhase section */
		C5FB37361AC72AF60077BF16 /* Frameworks */ = {
			isa = PBXFrameworksBuildPhase;
			buildActionMask = 2147483647;
			files = (
			);
			runOnlyForDeploymentPostprocessing = 0;
		};
/* End PBXFrameworksBuildPhase section */

/* Begin PBXGroup section */
		C5FB37301AC72AF60077BF16 = {
			isa = PBXGroup;
			children = (
				C5FB373B1AC72AF60077BF16 /* Knob */,
				C5FB37511AC72AF60077BF16 /* KnobTests */,
				C5FB373A1AC72AF60077BF16 /* Products */,
			);
			sourceTree = "<group>";
		};
		C5FB373A1AC72AF60077BF16 /* Products */ = {
			isa = PBXGroup;
			children = (
				C5FB37391AC72AF60077BF16 /* Knob.app */,
			);
			name = Products;
			sourceTree = "<group>";
		};
		C5FB373B1AC72AF60077BF16 /* Knob */ = {
			isa = PBXGroup;
			children = (
				C5FB373E1AC72AF60077BF16 /* AppDelegate.swift */,
				C5FB37401AC72AF60077BF16 /* ViewController.swift */,
				C5FB375E1AC72B4A0077BF16 /* Component */,
				C5FB37421AC72AF60077BF16 /* Main.storyboard */,
				C5FB37451AC72AF60077BF16 /* Images.xcassets */,
				C5FB37471AC72AF60077BF16 /* LaunchScreen.xib */,
				C5FB373C1AC72AF60077BF16 /* Supporting Files */,
			);
			path = Knob;
			sourceTree = "<group>";
		};
		C5FB373C1AC72AF60077BF16 /* Supporting Files */ = {
			isa = PBXGroup;
			children = (
				C5FB373D1AC72AF60077BF16 /* Info.plist */,
			);
			name = "Supporting Files";
			sourceTree = "<group>";
		};
		C5FB37511AC72AF60077BF16 /* KnobTests */ = {
			isa = PBXGroup;
			children = (
				C5FB37541AC72AF60077BF16 /* KnobTests.swift */,
				C5FB37521AC72AF60077BF16 /* Supporting Files */,
			);
			path = KnobTests;
			sourceTree = "<group>";
		};
		C5FB37521AC72AF60077BF16 /* Supporting Files */ = {
			isa = PBXGroup;
			children = (
				C5FB37531AC72AF60077BF16 /* Info.plist */,
			);
			name = "Supporting Files";
			sourceTree = "<group>";
		};
		C5FB375E1AC72B4A0077BF16 /* Component */ = {
			isa = PBXGroup;
			children = (
				C5FB375F1AC72B590077BF16 /* FOKnobView.swift */,
				C5FB37641AC733440077BF16 /* UIBezierPath+ForEachElement.h */,
				C5FB37651AC733440077BF16 /* UIBezierPath+ForEachElement.m */,
				C5FB37631AC733440077BF16 /* Knob-Bridging-Header.h */,
			);
			path = Component;
			sourceTree = "<group>";
		};
/* End PBXGroup section */

/* Begin PBXNativeTarget section */
		C5FB37381AC72AF60077BF16 /* Knob */ = {
			isa = PBXNativeTarget;
			buildConfigurationList = C5FB37581AC72AF60077BF16 /* Build configuration list for PBXNativeTarget "Knob" */;
			buildPhases = (
				C5FB37351AC72AF60077BF16 /* Sources */,
				C5FB37361AC72AF60077BF16 /* Frameworks */,
				C5FB37371AC72AF60077BF16 /* Resources */,
			);
			buildRules = (
			);
			dependencies = (
			);
			name = Knob;
			productName = Knob;
			productReference = C5FB37391AC72AF60077BF16 /* Knob.app */;
			productType = "com.apple.product-type.application";
		};
/* End PBXNativeTarget section */

/* Begin PBXProject section */
		C5FB37311AC72AF60077BF16 /* Project object */ = {
			isa = PBXProject;
			attributes = {
				LastUpgradeCheck = 0630;
				ORGANIZATIONNAME = "Jelle Vandenbeeck";
				TargetAttributes = {
					C5FB37381AC72AF60077BF16 = {
						CreatedOnToolsVersion = 6.3;
					};
				};
			};
			buildConfigurationList = C5FB37341AC72AF60077BF16 /* Build configuration list for PBXProject "Knob" */;
			compatibilityVersion = "Xcode 3.2";
			developmentRegion = English;
			hasScannedForEncodings = 0;
			knownRegions = (
				en,
				Base,
			);
			mainGroup = C5FB37301AC72AF60077BF16;
			productRefGroup = C5FB373A1AC72AF60077BF16 /* Products */;
			projectDirPath = "";
			projectRoot = "";
			targets = (
				C5FB37381AC72AF60077BF16 /* Knob */,
			);
		};
/* End PBXProject section */

/* Begin PBXResourcesBuildPhase section */
		C5FB37371AC72AF60077BF16 /* Resources */ = {
			isa = PBXResourcesBuildPhase;
			buildActionMask = 2147483647;
			files = (
				C5FB37441AC72AF60077BF16 /* Main.storyboard in Resources */,
				C5FB37491AC72AF60077BF16 /* LaunchScreen.xib in Resources */,
				C5FB37461AC72AF60077BF16 /* Images.xcassets in Resources */,
			);
			runOnlyForDeploymentPostprocessing = 0;
		};
/* End PBXResourcesBuildPhase section */

/* Begin PBXSourcesBuildPhase section */
		C5FB37351AC72AF60077BF16 /* Sources */ = {
			isa = PBXSourcesBuildPhase;
			buildActionMask = 2147483647;
			files = (
				C5FB37411AC72AF60077BF16 /* ViewController.swift in Sources */,
				C5FB37661AC733440077BF16 /* UIBezierPath+ForEachElement.m in Sources */,
				C5FB373F1AC72AF60077BF16 /* AppDelegate.swift in Sources */,
				C5FB37601AC72B590077BF16 /* FOKnobView.swift in Sources */,
			);
			runOnlyForDeploymentPostprocessing = 0;
		};
/* End PBXSourcesBuildPhase section */

/* Begin PBXVariantGroup section */
		C5FB37421AC72AF60077BF16 /* Main.storyboard */ = {
			isa = PBXVariantGroup;
			children = (
				C5FB37431AC72AF60077BF16 /* Base */,
			);
			name = Main.storyboard;
			sourceTree = "<group>";
		};
		C5FB37471AC72AF60077BF16 /* LaunchScreen.xib */ = {
			isa = PBXVariantGroup;
			children = (
				C5FB37481AC72AF60077BF16 /* Base */,
			);
			name = LaunchScreen.xib;
			sourceTree = "<group>";
		};
/* End PBXVariantGroup section */

/* Begin XCBuildConfiguration section */
		C5FB37561AC72AF60077BF16 /* Debug */ = {
			isa = XCBuildConfiguration;
			buildSettings = {
				ALWAYS_SEARCH_USER_PATHS = NO;
				CLANG_CXX_LANGUAGE_STANDARD = "gnu++0x";
				CLANG_CXX_LIBRARY = "libc++";
				CLANG_ENABLE_MODULES = YES;
				CLANG_ENABLE_OBJC_ARC = YES;
				CLANG_WARN_BOOL_CONVERSION = YES;
				CLANG_WARN_CONSTANT_CONVERSION = YES;
				CLANG_WARN_DIRECT_OBJC_ISA_USAGE = YES_ERROR;
				CLANG_WARN_EMPTY_BODY = YES;
				CLANG_WARN_ENUM_CONVERSION = YES;
				CLANG_WARN_INT_CONVERSION = YES;
				CLANG_WARN_OBJC_ROOT_CLASS = YES_ERROR;
				CLANG_WARN_UNREACHABLE_CODE = YES;
				CLANG_WARN__DUPLICATE_METHOD_MATCH = YES;
				"CODE_SIGN_IDENTITY[sdk=iphoneos*]" = "iPhone Developer";
				COPY_PHASE_STRIP = NO;
				DEBUG_INFORMATION_FORMAT = dwarf;
				ENABLE_STRICT_OBJC_MSGSEND = YES;
				GCC_C_LANGUAGE_STANDARD = gnu99;
				GCC_DYNAMIC_NO_PIC = NO;
				GCC_OPTIMIZATION_LEVEL = 0;
				GCC_PREPROCESSOR_DEFINITIONS = (
					"DEBUG=1",
					"$(inherited)",
				);
				GCC_SYMBOLS_PRIVATE_EXTERN = NO;
				GCC_WARN_64_TO_32_BIT_CONVERSION = YES;
				GCC_WARN_ABOUT_RETURN_TYPE = YES_ERROR;
				GCC_WARN_UNDECLARED_SELECTOR = YES;
				GCC_WARN_UNINITIALIZED_AUTOS = YES_AGGRESSIVE;
				GCC_WARN_UNUSED_FUNCTION = YES;
				GCC_WARN_UNUSED_VARIABLE = YES;
				IPHONEOS_DEPLOYMENT_TARGET = 8.3;
				MTL_ENABLE_DEBUG_INFO = YES;
				ONLY_ACTIVE_ARCH = YES;
				SDKROOT = iphoneos;
				SWIFT_OPTIMIZATION_LEVEL = "-Onone";
			};
			name = Debug;
		};
		C5FB37571AC72AF60077BF16 /* Release */ = {
			isa = XCBuildConfiguration;
			buildSettings = {
				ALWAYS_SEARCH_USER_PATHS = NO;
				CLANG_CXX_LANGUAGE_STANDARD = "gnu++0x";
				CLANG_CXX_LIBRARY = "libc++";
				CLANG_ENABLE_MODULES = YES;
				CLANG_ENABLE_OBJC_ARC = YES;
				CLANG_WARN_BOOL_CONVERSION = YES;
				CLANG_WARN_CONSTANT_CONVERSION = YES;
				CLANG_WARN_DIRECT_OBJC_ISA_USAGE = YES_ERROR;
				CLANG_WARN_EMPTY_BODY = YES;
				CLANG_WARN_ENUM_CONVERSION = YES;
				CLANG_WARN_INT_CONVERSION = YES;
				CLANG_WARN_OBJC_ROOT_CLASS = YES_ERROR;
				CLANG_WARN_UNREACHABLE_CODE = YES;
				CLANG_WARN__DUPLICATE_METHOD_MATCH = YES;
				"CODE_SIGN_IDENTITY[sdk=iphoneos*]" = "iPhone Developer";
				COPY_PHASE_STRIP = NO;
				DEBUG_INFORMATION_FORMAT = "dwarf-with-dsym";
				ENABLE_NS_ASSERTIONS = NO;
				ENABLE_STRICT_OBJC_MSGSEND = YES;
				GCC_C_LANGUAGE_STANDARD = gnu99;
				GCC_WARN_64_TO_32_BIT_CONVERSION = YES;
				GCC_WARN_ABOUT_RETURN_TYPE = YES_ERROR;
				GCC_WARN_UNDECLARED_SELECTOR = YES;
				GCC_WARN_UNINITIALIZED_AUTOS = YES_AGGRESSIVE;
				GCC_WARN_UNUSED_FUNCTION = YES;
				GCC_WARN_UNUSED_VARIABLE = YES;
				IPHONEOS_DEPLOYMENT_TARGET = 8.3;
				MTL_ENABLE_DEBUG_INFO = NO;
				SDKROOT = iphoneos;
				VALIDATE_PRODUCT = YES;
			};
			name = Release;
		};
		C5FB37591AC72AF60077BF16 /* Debug */ = {
			isa = XCBuildConfiguration;
			buildSettings = {
				ASSETCATALOG_COMPILER_APPICON_NAME = AppIcon;
				CLANG_ENABLE_MODULES = YES;
				INFOPLIST_FILE = Knob/Info.plist;
				IPHONEOS_DEPLOYMENT_TARGET = 8.1;
				LD_RUNPATH_SEARCH_PATHS = "$(inherited) @executable_path/Frameworks";
				PRODUCT_NAME = "$(TARGET_NAME)";
				SWIFT_OBJC_BRIDGING_HEADER = "Knob/Component/Knob-Bridging-Header.h";
				SWIFT_OPTIMIZATION_LEVEL = "-Onone";
			};
			name = Debug;
		};
		C5FB375A1AC72AF60077BF16 /* Release */ = {
			isa = XCBuildConfiguration;
			buildSettings = {
				ASSETCATALOG_COMPILER_APPICON_NAME = AppIcon;
				CLANG_ENABLE_MODULES = YES;
				INFOPLIST_FILE = Knob/Info.plist;
				IPHONEOS_DEPLOYMENT_TARGET = 8.1;
				LD_RUNPATH_SEARCH_PATHS = "$(inherited) @executable_path/Frameworks";
				PRODUCT_NAME = "$(TARGET_NAME)";
				SWIFT_OBJC_BRIDGING_HEADER = "Knob/Component/Knob-Bridging-Header.h";
			};
			name = Release;
		};
/* End XCBuildConfiguration section */

/* Begin XCConfigurationList section */
		C5FB37341AC72AF60077BF16 /* Build configuration list for PBXProject "Knob" */ = {
			isa = XCConfigurationList;
			buildConfigurations = (
				C5FB37561AC72AF60077BF16 /* Debug */,
				C5FB37571AC72AF60077BF16 /* Release */,
			);
			defaultConfigurationIsVisible = 0;
			defaultConfigurationName = Release;
		};
		C5FB37581AC72AF60077BF16 /* Build configuration list for PBXNativeTarget "Knob" */ = {
			isa = XCConfigurationList;
			buildConfigurations = (
				C5FB37591AC72AF60077BF16 /* Debug */,
				C5FB375A1AC72AF60077BF16 /* Release */,
			);
			defaultConfigurationIsVisible = 0;
		};
/* End XCConfigurationList section */
	};
	rootObject = C5FB37311AC72AF60077BF16 /* Project object */;
}
